// !$*UTF8*$!
{
	archiveVersion = 1;
	classes = {
	};
	objectVersion = 77;
	objects = {

/* Begin PBXBuildFile section */
		B6B3B3933057BA7B00B78383 /* RxCocoa in Frameworks */ = {isa = PBXBuildFile; productRef = B6B3B3923057BA7B00B78383 /* RxCocoa */; };
		B6B3B3953057BA7B00B78383 /* RxRelay in Frameworks */ = {isa = PBXBuildFile; productRef = B6B3B3943057BA7B00B78383 /* RxRelay */; };
		B6B3B3973057BA7B00B78383 /* RxSwift in Frameworks */ = {isa = PBXBuildFile; productRef = B6B3B3963057BA7B00B78383 /* RxSwift */; };
		B6B3B39A3057BAEC00B78383 /* Swinject in Frameworks */ = {isa = PBXBuildFile; productRef = B6B3B3993057BAEC00B78383 /* Swinject */; };
		B6B3B39D3057BB4A00B78383 /* Alamofire in Frameworks */ = {isa = PBXBuildFile; productRef = B6B3B39C3057BB4A00B78383 /* Alamofire */; };
		B6B3B3A03057BBD500B78383 /* Kingfisher in Frameworks */ = {isa = PBXBuildFile; productRef = B6B3B39F3057BBD500B78383 /* Kingfisher */; };
		B6B3B4233057C87100B78383 /* .gitignore in Resources */ = {isa = PBXBuildFile; fileRef = B6B3B4223057C86C00B78383 /* .gitignore */; };
/* End PBXBuildFile section */

/* Begin PBXContainerItemProxy section */
		B6B3B3743057B88600B78383 /* PBXContainerItemProxy */ = {
			isa = PBXContainerItemProxy;
			containerPortal = B6B3B35E3057B88500B78383 /* Project object */;
			proxyType = 1;
			remoteGlobalIDString = B6B3B3653057B88500B78383;
			remoteInfo = AnimeVerse;
		};
		B6B3B37E3057B88600B78383 /* PBXContainerItemProxy */ = {
			isa = PBXContainerItemProxy;
			containerPortal = B6B3B35E3057B88500B78383 /* Project object */;
			proxyType = 1;
			remoteGlobalIDString = B6B3B3653057B88500B78383;
			remoteInfo = AnimeVerse;
		};
/* End PBXContainerItemProxy section */

/* Begin PBXFileReference section */
		B6B3B3663057B88500B78383 /* AnimeVerse.app */ = {isa = PBXFileReference; explicitFileType = wrapper.application; includeInIndex = 0; path = AnimeVerse.app; sourceTree = BUILT_PRODUCTS_DIR; };
		B6B3B3733057B88600B78383 /* AnimeVerseTests.xctest */ = {isa = PBXFileReference; explicitFileType = wrapper.cfbundle; includeInIndex = 0; path = AnimeVerseTests.xctest; sourceTree = BUILT_PRODUCTS_DIR; };
		B6B3B37D3057B88600B78383 /* AnimeVerseUITests.xctest */ = {isa = PBXFileReference; explicitFileType = wrapper.cfbundle; includeInIndex = 0; path = AnimeVerseUITests.xctest; sourceTree = BUILT_PRODUCTS_DIR; };
		B6B3B4223057C86C00B78383 /* .gitignore */ = {isa = PBXFileReference; lastKnownFileType = text; path = .gitignore; sourceTree = "<group>"; };
/* End PBXFileReference section */

/* Begin PBXFileSystemSynchronizedBuildFileExceptionSet section */
		B6B3B4213057C85000B78383 /* Exceptions for "AnimeVerse" folder in "AnimeVerse" target */ = {
			isa = PBXFileSystemSynchronizedBuildFileExceptionSet;
			membershipExceptions = (
				Example.xcconfig,
				Info.plist,
			);
			target = B6B3B3653057B88500B78383 /* AnimeVerse */;
		};
/* End PBXFileSystemSynchronizedBuildFileExceptionSet section */

/* Begin PBXFileSystemSynchronizedGroupBuildPhaseMembershipExceptionSet section */
		B6B3B4263057C8B500B78383 /* Exceptions for "AnimeVerse" folder in "Compile Sources" phase from "AnimeVerse" target */ = {
			isa = PBXFileSystemSynchronizedGroupBuildPhaseMembershipExceptionSet;
			buildPhase = B6B3B3623057B88500B78383 /* Sources */;
			membershipExceptions = (
				Example.xcconfig,
			);
		};
/* End PBXFileSystemSynchronizedGroupBuildPhaseMembershipExceptionSet section */

/* Begin PBXFileSystemSynchronizedRootGroup section */
		B6B3B3683057B88500B78383 /* AnimeVerse */ = {
			isa = PBXFileSystemSynchronizedRootGroup;
			exceptions = (
				B6B3B4213057C85000B78383 /* Exceptions for "AnimeVerse" folder in "AnimeVerse" target */,
				B6B3B4263057C8B500B78383 /* Exceptions for "AnimeVerse" folder in "Compile Sources" phase from "AnimeVerse" target */,
			);
			path = AnimeVerse;
			sourceTree = "<group>";
		};
		B6B3B3763057B88600B78383 /* AnimeVerseTests */ = {
			isa = PBXFileSystemSynchronizedRootGroup;
			path = AnimeVerseTests;
			sourceTree = "<group>";
		};
		B6B3B3803057B88600B78383 /* AnimeVerseUITests */ = {
			isa = PBXFileSystemSynchronizedRootGroup;
			path = AnimeVerseUITests;
			sourceTree = "<group>";
		};
/* End PBXFileSystemSynchronizedRootGroup section */

/* Begin PBXFrameworksBuildPhase section */
		B6B3B3633057B88500B78383 /* Frameworks */ = {
			isa = PBXFrameworksBuildPhase;
			buildActionMask = 2147483647;
			files = (
				B6B3B3A03057BBD500B78383 /* Kingfisher in Frameworks */,
				B6B3B39D3057BB4A00B78383 /* Alamofire in Frameworks */,
				B6B3B3973057BA7B00B78383 /* RxSwift in Frameworks */,
				B6B3B3953057BA7B00B78383 /* RxRelay in Frameworks */,
				B6B3B3933057BA7B00B78383 /* RxCocoa in Frameworks */,
				B6B3B39A3057BAEC00B78383 /* Swinject in Frameworks */,
			);
			runOnlyForDeploymentPostprocessing = 0;
		};
		B6B3B3703057B88600B78383 /* Frameworks */ = {
			isa = PBXFrameworksBuildPhase;
			buildActionMask = 2147483647;
			files = (
			);
			runOnlyForDeploymentPostprocessing = 0;
		};
		B6B3B37A3057B88600B78383 /* Frameworks */ = {
			isa = PBXFrameworksBuildPhase;
			buildActionMask = 2147483647;
			files = (
			);
			runOnlyForDeploymentPostprocessing = 0;
		};
/* End PBXFrameworksBuildPhase section */

/* Begin PBXGroup section */
		B6B3B35D3057B88500B78383 = {
			isa = PBXGroup;
			children = (
				B6B3B4223057C86C00B78383 /* .gitignore */,
				B6B3B3683057B88500B78383 /* AnimeVerse */,
				B6B3B3763057B88600B78383 /* AnimeVerseTests */,
				B6B3B3803057B88600B78383 /* AnimeVerseUITests */,
				B6B3B3673057B88500B78383 /* Products */,
			);
			sourceTree = "<group>";
		};
		B6B3B3673057B88500B78383 /* Products */ = {
			isa = PBXGroup;
			children = (
				B6B3B3663057B88500B78383 /* AnimeVerse.app */,
				B6B3B3733057B88600B78383 /* AnimeVerseTests.xctest */,
				B6B3B37D3057B88600B78383 /* AnimeVerseUITests.xctest */,
			);
			name = Products;
			sourceTree = "<group>";
		};
/* End PBXGroup section */

/* Begin PBXNativeTarget section */
		B6B3B3653057B88500B78383 /* AnimeVerse */ = {
			isa = PBXNativeTarget;
			buildConfigurationList = B6B3B3873057B88600B78383 /* Build configuration list for PBXNativeTarget "AnimeVerse" */;
			buildPhases = (
				B6B3B3623057B88500B78383 /* Sources */,
				B6B3B3633057B88500B78383 /* Frameworks */,
				B6B3B3643057B88500B78383 /* Resources */,
			);
			buildRules = (
			);
			dependencies = (
			);
			fileSystemSynchronizedGroups = (
				B6B3B3683057B88500B78383 /* AnimeVerse */,
			);
			name = AnimeVerse;
			packageProductDependencies = (
				B6B3B3923057BA7B00B78383 /* RxCocoa */,
				B6B3B3943057BA7B00B78383 /* RxRelay */,
				B6B3B3963057BA7B00B78383 /* RxSwift */,
				B6B3B3993057BAEC00B78383 /* Swinject */,
				B6B3B39C3057BB4A00B78383 /* Alamofire */,
				B6B3B39F3057BBD500B78383 /* Kingfisher */,
			);
			productName = AnimeVerse;
			productReference = B6B3B3663057B88500B78383 /* AnimeVerse.app */;
			productType = "com.apple.product-type.application";
		};
		B6B3B3723057B88600B78383 /* AnimeVerseTests */ = {
			isa = PBXNativeTarget;
			buildConfigurationList = B6B3B38A3057B88600B78383 /* Build configuration list for PBXNativeTarget "AnimeVerseTests" */;
			buildPhases = (
				B6B3B36F3057B88600B78383 /* Sources */,
				B6B3B3703057B88600B78383 /* Frameworks */,
				B6B3B3713057B88600B78383 /* Resources */,
			);
			buildRules = (
			);
			dependencies = (
				B6B3B3753057B88600B78383 /* PBXTargetDependency */,
			);
			fileSystemSynchronizedGroups = (
				B6B3B3763057B88600B78383 /* AnimeVerseTests */,
			);
			name = AnimeVerseTests;
			packageProductDependencies = (
			);
			productName = AnimeVerseTests;
			productReference = B6B3B3733057B88600B78383 /* AnimeVerseTests.xctest */;
			productType = "com.apple.product-type.bundle.unit-test";
		};
		B6B3B37C3057B88600B78383 /* AnimeVerseUITests */ = {
			isa = PBXNativeTarget;
			buildConfigurationList = B6B3B38D3057B88600B78383 /* Build configuration list for PBXNativeTarget "AnimeVerseUITests" */;
			buildPhases = (
				B6B3B3793057B88600B78383 /* Sources */,
				B6B3B37A3057B88600B78383 /* Frameworks */,
				B6B3B37B3057B88600B78383 /* Resources */,
			);
			buildRules = (
			);
			dependencies = (
				B6B3B37F3057B88600B78383 /* PBXTargetDependency */,
			);
			fileSystemSynchronizedGroups = (
				B6B3B3803057B88600B78383 /* AnimeVerseUITests */,
			);
			name = AnimeVerseUITests;
			packageProductDependencies = (
			);
			productName = AnimeVerseUITests;
			productReference = B6B3B37D3057B88600B78383 /* AnimeVerseUITests.xctest */;
			productType = "com.apple.product-type.bundle.ui-testing";
		};
/* End PBXNativeTarget section */

/* Begin PBXProject section */
		B6B3B35E3057B88500B78383 /* Project object */ = {
			isa = PBXProject;
			attributes = {
				BuildIndependentTargetsInParallel = 1;
				LastSwiftUpdateCheck = 2660;
				LastUpgradeCheck = 2660;
				TargetAttributes = {
					B6B3B3653057B88500B78383 = {
						CreatedOnToolsVersion = 26.6;
					};
					B6B3B3723057B88600B78383 = {
						CreatedOnToolsVersion = 26.6;
						TestTargetID = B6B3B3653057B88500B78383;
					};
					B6B3B37C3057B88600B78383 = {
						CreatedOnToolsVersion = 26.6;
						TestTargetID = B6B3B3653057B88500B78383;
					};
				};
			};
			buildConfigurationList = B6B3B3613057B88500B78383 /* Build configuration list for PBXProject "AnimeVerse" */;
			developmentRegion = en;
			hasScannedForEncodings = 0;
			knownRegions = (
				en,
				Base,
			);
			mainGroup = B6B3B35D3057B88500B78383;
			minimizedProjectReferenceProxies = 1;
			packageReferences = (
				B6B3B3913057BA7B00B78383 /* XCRemoteSwiftPackageReference "RxSwift" */,
				B6B3B3983057BAEC00B78383 /* XCRemoteSwiftPackageReference "Swinject" */,
				B6B3B39B3057BB4A00B78383 /* XCRemoteSwiftPackageReference "Alamofire" */,
				B6B3B39E3057BBD500B78383 /* XCRemoteSwiftPackageReference "Kingfisher" */,
			);
			preferredProjectObjectVersion = 77;
			productRefGroup = B6B3B3673057B88500B78383 /* Products */;
			projectDirPath = "";
			projectRoot = "";
			targets = (
				B6B3B3653057B88500B78383 /* AnimeVerse */,
				B6B3B3723057B88600B78383 /* AnimeVerseTests */,
				B6B3B37C3057B88600B78383 /* AnimeVerseUITests */,
			);
		};
/* End PBXProject section */

/* Begin PBXResourcesBuildPhase section */
		B6B3B3643057B88500B78383 /* Resources */ = {
			isa = PBXResourcesBuildPhase;
			buildActionMask = 2147483647;
			files = (
				B6B3B4233057C87100B78383 /* .gitignore in Resources */,
			);
			runOnlyForDeploymentPostprocessing = 0;
		};
		B6B3B3713057B88600B78383 /* Resources */ = {
			isa = PBXResourcesBuildPhase;
			buildActionMask = 2147483647;
			files = (
			);
			runOnlyForDeploymentPostprocessing = 0;
		};
		B6B3B37B3057B88600B78383 /* Resources */ = {
			isa = PBXResourcesBuildPhase;
			buildActionMask = 2147483647;
			files = (
			);
			runOnlyForDeploymentPostprocessing = 0;
		};
/* End PBXResourcesBuildPhase section */

/* Begin PBXSourcesBuildPhase section */
		B6B3B3623057B88500B78383 /* Sources */ = {
			isa = PBXSourcesBuildPhase;
			buildActionMask = 2147483647;
			files = (
			);
			runOnlyForDeploymentPostprocessing = 0;
		};
		B6B3B36F3057B88600B78383 /* Sources */ = {
			isa = PBXSourcesBuildPhase;
			buildActionMask = 2147483647;
			files = (
			);
			runOnlyForDeploymentPostprocessing = 0;
		};
		B6B3B3793057B88600B78383 /* Sources */ = {
			isa = PBXSourcesBuildPhase;
			buildActionMask = 2147483647;
			files = (
			);
			runOnlyForDeploymentPostprocessing = 0;
		};
/* End PBXSourcesBuildPhase section */

/* Begin PBXTargetDependency section */
		B6B3B3753057B88600B78383 /* PBXTargetDependency */ = {
			isa = PBXTargetDependency;
			target = B6B3B3653057B88500B78383 /* AnimeVerse */;
			targetProxy = B6B3B3743057B88600B78383 /* PBXContainerItemProxy */;
		};
		B6B3B37F3057B88600B78383 /* PBXTargetDependency */ = {
			isa = PBXTargetDependency;
			target = B6B3B3653057B88500B78383 /* AnimeVerse */;
			targetProxy = B6B3B37E3057B88600B78383 /* PBXContainerItemProxy */;
		};
/* End PBXTargetDependency section */

/* Begin XCBuildConfiguration section */
		B6B3B3853057B88600B78383 /* Debug */ = {
			isa = XCBuildConfiguration;
			baseConfigurationReferenceAnchor = B6B3B3683057B88500B78383 /* AnimeVerse */;
			baseConfigurationReferenceRelativePath = Secret.xcconfig;
			buildSettings = {
				ALWAYS_SEARCH_USER_PATHS = NO;
				ASSETCATALOG_COMPILER_GENERATE_SWIFT_ASSET_SYMBOL_EXTENSIONS = YES;
				CLANG_ANALYZER_NONNULL = YES;
				CLANG_ANALYZER_NUMBER_OBJECT_CONVERSION = YES_AGGRESSIVE;
				CLANG_CXX_LANGUAGE_STANDARD = "gnu++20";
				CLANG_ENABLE_MODULES = YES;
				CLANG_ENABLE_OBJC_ARC = YES;
				CLANG_ENABLE_OBJC_WEAK = YES;
				CLANG_WARN_BLOCK_CAPTURE_AUTORELEASING = YES;
				CLANG_WARN_BOOL_CONVERSION = YES;
				CLANG_WARN_COMMA = YES;
				CLANG_WARN_CONSTANT_CONVERSION = YES;
				CLANG_WARN_DEPRECATED_OBJC_IMPLEMENTATIONS = YES;
				CLANG_WARN_DIRECT_OBJC_ISA_USAGE = YES_ERROR;
				CLANG_WARN_DOCUMENTATION_COMMENTS = YES;
				CLANG_WARN_EMPTY_BODY = YES;
				CLANG_WARN_ENUM_CONVERSION = YES;
				CLANG_WARN_INFINITE_RECURSION = YES;
				CLANG_WARN_INT_CONVERSION = YES;
				CLANG_WARN_NON_LITERAL_NULL_CONVERSION = YES;
				CLANG_WARN_OBJC_IMPLICIT_RETAIN_SELF = YES;
				CLANG_WARN_OBJC_LITERAL_CONVERSION = YES;
				CLANG_WARN_OBJC_ROOT_CLASS = YES_ERROR;
				CLANG_WARN_QUOTED_INCLUDE_IN_FRAMEWORK_HEADER = YES;
				CLANG_WARN_RANGE_LOOP_ANALYSIS = YES;
				CLANG_WARN_STRICT_PROTOTYPES = YES;
				CLANG_WARN_SUSPICIOUS_MOVE = YES;
				CLANG_WARN_UNGUARDED_AVAILABILITY = YES_AGGRESSIVE;
				CLANG_WARN_UNREACHABLE_CODE = YES;
				CLANG_WARN__DUPLICATE_METHOD_MATCH = YES;
				COPY_PHASE_STRIP = NO;
				DEBUG_INFORMATION_FORMAT = dwarf;
				DEVELOPMENT_TEAM = KW7V9XG9LQ;
				ENABLE_STRICT_OBJC_MSGSEND = YES;
				ENABLE_TESTABILITY = YES;
				ENABLE_USER_SCRIPT_SANDBOXING = YES;
				GCC_C_LANGUAGE_STANDARD = gnu17;
				GCC_DYNAMIC_NO_PIC = NO;
				GCC_NO_COMMON_BLOCKS = YES;
				GCC_OPTIMIZATION_LEVEL = 0;
				GCC_PREPROCESSOR_DEFINITIONS = (
					"DEBUG=1",
					"$(inherited)",
				);
				GCC_WARN_64_TO_32_BIT_CONVERSION = YES;
				GCC_WARN_ABOUT_RETURN_TYPE = YES_ERROR;
				GCC_WARN_UNDECLARED_SELECTOR = YES;
				GCC_WARN_UNINITIALIZED_AUTOS = YES_AGGRESSIVE;
				GCC_WARN_UNUSED_FUNCTION = YES;
				GCC_WARN_UNUSED_VARIABLE = YES;
				IPHONEOS_DEPLOYMENT_TARGET = 26.5;
				LOCALIZATION_PREFERS_STRING_CATALOGS = YES;
				MTL_ENABLE_DEBUG_INFO = INCLUDE_SOURCE;
				MTL_FAST_MATH = YES;
				ONLY_ACTIVE_ARCH = YES;
				SDKROOT = iphoneos;
				SWIFT_ACTIVE_COMPILATION_CONDITIONS = "DEBUG $(inherited)";
				SWIFT_OPTIMIZATION_LEVEL = "-Onone";
			};
			name = Debug;
		};
		B6B3B3863057B88600B78383 /* Release */ = {
			isa = XCBuildConfiguration;
			baseConfigurationReferenceAnchor = B6B3B3683057B88500B78383 /* AnimeVerse */;
			baseConfigurationReferenceRelativePath = Secret.xcconfig;
			buildSettings = {
				ALWAYS_SEARCH_USER_PATHS = NO;
				ASSETCATALOG_COMPILER_GENERATE_SWIFT_ASSET_SYMBOL_EXTENSIONS = YES;
				CLANG_ANALYZER_NONNULL = YES;
				CLANG_ANALYZER_NUMBER_OBJECT_CONVERSION = YES_AGGRESSIVE;
				CLANG_CXX_LANGUAGE_STANDARD = "gnu++20";
				CLANG_ENABLE_MODULES = YES;
				CLANG_ENABLE_OBJC_ARC = YES;
				CLANG_ENABLE_OBJC_WEAK = YES;
				CLANG_WARN_BLOCK_CAPTURE_AUTORELEASING = YES;
				CLANG_WARN_BOOL_CONVERSION = YES;
				CLANG_WARN_COMMA = YES;
				CLANG_WARN_CONSTANT_CONVERSION = YES;
				CLANG_WARN_DEPRECATED_OBJC_IMPLEMENTATIONS = YES;
				CLANG_WARN_DIRECT_OBJC_ISA_USAGE = YES_ERROR;
				CLANG_WARN_DOCUMENTATION_COMMENTS = YES;
				CLANG_WARN_EMPTY_BODY = YES;
				CLANG_WARN_ENUM_CONVERSION = YES;
				CLANG_WARN_INFINITE_RECURSION = YES;
				CLANG_WARN_INT_CONVERSION = YES;
				CLANG_WARN_NON_LITERAL_NULL_CONVERSION = YES;
				CLANG_WARN_OBJC_IMPLICIT_RETAIN_SELF = YES;
				CLANG_WARN_OBJC_LITERAL_CONVERSION = YES;
				CLANG_WARN_OBJC_ROOT_CLASS = YES_ERROR;
				CLANG_WARN_QUOTED_INCLUDE_IN_FRAMEWORK_HEADER = YES;
				CLANG_WARN_RANGE_LOOP_ANALYSIS = YES;
				CLANG_WARN_STRICT_PROTOTYPES = YES;
				CLANG_WARN_SUSPICIOUS_MOVE = YES;
				CLANG_WARN_UNGUARDED_AVAILABILITY = YES_AGGRESSIVE;
				CLANG_WARN_UNREACHABLE_CODE = YES;
				CLANG_WARN__DUPLICATE_METHOD_MATCH = YES;
				COPY_PHASE_STRIP = NO;
				DEBUG_INFORMATION_FORMAT = "dwarf-with-dsym";
				DEVELOPMENT_TEAM = KW7V9XG9LQ;
				ENABLE_NS_ASSERTIONS = NO;
				ENABLE_STRICT_OBJC_MSGSEND = YES;
				ENABLE_USER_SCRIPT_SANDBOXING = YES;
				GCC_C_LANGUAGE_STANDARD = gnu17;
				GCC_NO_COMMON_BLOCKS = YES;
				GCC_WARN_64_TO_32_BIT_CONVERSION = YES;
				GCC_WARN_ABOUT_RETURN_TYPE = YES_ERROR;
				GCC_WARN_UNDECLARED_SELECTOR = YES;
				GCC_WARN_UNINITIALIZED_AUTOS = YES_AGGRESSIVE;
				GCC_WARN_UNUSED_FUNCTION = YES;
				GCC_WARN_UNUSED_VARIABLE = YES;
				IPHONEOS_DEPLOYMENT_TARGET = 26.5;
				LOCALIZATION_PREFERS_STRING_CATALOGS = YES;
				MTL_ENABLE_DEBUG_INFO = NO;
				MTL_FAST_MATH = YES;
				SDKROOT = iphoneos;
				SWIFT_COMPILATION_MODE = wholemodule;
				VALIDATE_PRODUCT = YES;
			};
			name = Release;
		};
		B6B3B3883057B88600B78383 /* Debug */ = {
			isa = XCBuildConfiguration;
			buildSettings = {
				ASSETCATALOG_COMPILER_APPICON_NAME = AppIcon;
				ASSETCATALOG_COMPILER_GLOBAL_ACCENT_COLOR_NAME = AccentColor;
				CODE_SIGN_STYLE = Automatic;
				CURRENT_PROJECT_VERSION = 1;
				DEVELOPMENT_TEAM = KW7V9XG9LQ;
				ENABLE_PREVIEWS = YES;
				GENERATE_INFOPLIST_FILE = YES;
				INFOPLIST_FILE = AnimeVerse/Info.plist;
				INFOPLIST_KEY_UIApplicationSceneManifest_Generation = YES;
				INFOPLIST_KEY_UIApplicationSupportsIndirectInputEvents = YES;
				INFOPLIST_KEY_UILaunchScreen_Generation = YES;
				INFOPLIST_KEY_UISupportedInterfaceOrientations_iPad = "UIInterfaceOrientationPortrait UIInterfaceOrientationPortraitUpsideDown UIInterfaceOrientationLandscapeLeft UIInterfaceOrientationLandscapeRight";
				INFOPLIST_KEY_UISupportedInterfaceOrientations_iPhone = "UIInterfaceOrientationPortrait UIInterfaceOrientationLandscapeLeft UIInterfaceOrientationLandscapeRight";
				LD_RUNPATH_SEARCH_PATHS = (
					"$(inherited)",
					"@executable_path/Frameworks",
				);
				MARKETING_VERSION = 1.0;
				PRODUCT_BUNDLE_IDENTIFIER = RevanArturito.AnimeVerse;
				PRODUCT_NAME = "$(TARGET_NAME)";
				STRING_CATALOG_GENERATE_SYMBOLS = YES;
				SWIFT_APPROACHABLE_CONCURRENCY = YES;
				SWIFT_DEFAULT_ACTOR_ISOLATION = MainActor;
				SWIFT_EMIT_LOC_STRINGS = YES;
				SWIFT_UPCOMING_FEATURE_MEMBER_IMPORT_VISIBILITY = YES;
				SWIFT_VERSION = 5.0;
				TARGETED_DEVICE_FAMILY = "1,2";
			};
			name = Debug;
		};
		B6B3B3893057B88600B78383 /* Release */ = {
			isa = XCBuildConfiguration;
			buildSettings = {
				ASSETCATALOG_COMPILER_APPICON_NAME = AppIcon;
				ASSETCATALOG_COMPILER_GLOBAL_ACCENT_COLOR_NAME = AccentColor;
				CODE_SIGN_STYLE = Automatic;
				CURRENT_PROJECT_VERSION = 1;
				DEVELOPMENT_TEAM = KW7V9XG9LQ;
				ENABLE_PREVIEWS = YES;
				GENERATE_INFOPLIST_FILE = YES;
				INFOPLIST_FILE = AnimeVerse/Info.plist;
				INFOPLIST_KEY_UIApplicationSceneManifest_Generation = YES;
				INFOPLIST_KEY_UIApplicationSupportsIndirectInputEvents = YES;
				INFOPLIST_KEY_UILaunchScreen_Generation = YES;
				INFOPLIST_KEY_UISupportedInterfaceOrientations_iPad = "UIInterfaceOrientationPortrait UIInterfaceOrientationPortraitUpsideDown UIInterfaceOrientationLandscapeLeft UIInterfaceOrientationLandscapeRight";
				INFOPLIST_KEY_UISupportedInterfaceOrientations_iPhone = "UIInterfaceOrientationPortrait UIInterfaceOrientationLandscapeLeft UIInterfaceOrientationLandscapeRight";
				LD_RUNPATH_SEARCH_PATHS = (
					"$(inherited)",
					"@executable_path/Frameworks",
				);
				MARKETING_VERSION = 1.0;
				PRODUCT_BUNDLE_IDENTIFIER = RevanArturito.AnimeVerse;
				PRODUCT_NAME = "$(TARGET_NAME)";
				STRING_CATALOG_GENERATE_SYMBOLS = YES;
				SWIFT_APPROACHABLE_CONCURRENCY = YES;
				SWIFT_DEFAULT_ACTOR_ISOLATION = MainActor;
				SWIFT_EMIT_LOC_STRINGS = YES;
				SWIFT_UPCOMING_FEATURE_MEMBER_IMPORT_VISIBILITY = YES;
				SWIFT_VERSION = 5.0;
				TARGETED_DEVICE_FAMILY = "1,2";
			};
			name = Release;
		};
		B6B3B38B3057B88600B78383 /* Debug */ = {
			isa = XCBuildConfiguration;
			buildSettings = {
				BUNDLE_LOADER = "$(TEST_HOST)";
				CODE_SIGN_STYLE = Automatic;
				CURRENT_PROJECT_VERSION = 1;
				DEVELOPMENT_TEAM = KW7V9XG9LQ;
				GENERATE_INFOPLIST_FILE = YES;
				IPHONEOS_DEPLOYMENT_TARGET = 26.5;
				MARKETING_VERSION = 1.0;
				PRODUCT_BUNDLE_IDENTIFIER = RevanArturito.AnimeVerseTests;
				PRODUCT_NAME = "$(TARGET_NAME)";
				STRING_CATALOG_GENERATE_SYMBOLS = NO;
				SWIFT_APPROACHABLE_CONCURRENCY = YES;
				SWIFT_EMIT_LOC_STRINGS = NO;
				SWIFT_UPCOMING_FEATURE_MEMBER_IMPORT_VISIBILITY = YES;
				SWIFT_VERSION = 5.0;
				TARGETED_DEVICE_FAMILY = "1,2";
				TEST_HOST = "$(BUILT_PRODUCTS_DIR)/AnimeVerse.app/$(BUNDLE_EXECUTABLE_FOLDER_PATH)/AnimeVerse";
			};
			name = Debug;
		};
		B6B3B38C3057B88600B78383 /* Release */ = {
			isa = XCBuildConfiguration;
			buildSettings = {
				BUNDLE_LOADER = "$(TEST_HOST)";
				CODE_SIGN_STYLE = Automatic;
				CURRENT_PROJECT_VERSION = 1;
				DEVELOPMENT_TEAM = KW7V9XG9LQ;
				GENERATE_INFOPLIST_FILE = YES;
				IPHONEOS_DEPLOYMENT_TARGET = 26.5;
				MARKETING_VERSION = 1.0;
				PRODUCT_BUNDLE_IDENTIFIER = RevanArturito.AnimeVerseTests;
				PRODUCT_NAME = "$(TARGET_NAME)";
				STRING_CATALOG_GENERATE_SYMBOLS = NO;
				SWIFT_APPROACHABLE_CONCURRENCY = YES;
				SWIFT_EMIT_LOC_STRINGS = NO;
				SWIFT_UPCOMING_FEATURE_MEMBER_IMPORT_VISIBILITY = YES;
				SWIFT_VERSION = 5.0;
				TARGETED_DEVICE_FAMILY = "1,2";
				TEST_HOST = "$(BUILT_PRODUCTS_DIR)/AnimeVerse.app/$(BUNDLE_EXECUTABLE_FOLDER_PATH)/AnimeVerse";
			};
			name = Release;
		};
		B6B3B38E3057B88600B78383 /* Debug */ = {
			isa = XCBuildConfiguration;
			buildSettings = {
				CODE_SIGN_STYLE = Automatic;
				CURRENT_PROJECT_VERSION = 1;
				DEVELOPMENT_TEAM = KW7V9XG9LQ;
				GENERATE_INFOPLIST_FILE = YES;
				MARKETING_VERSION = 1.0;
				PRODUCT_BUNDLE_IDENTIFIER = RevanArturito.AnimeVerseUITests;
				PRODUCT_NAME = "$(TARGET_NAME)";
				STRING_CATALOG_GENERATE_SYMBOLS = NO;
				SWIFT_APPROACHABLE_CONCURRENCY = YES;
				SWIFT_EMIT_LOC_STRINGS = NO;
				SWIFT_UPCOMING_FEATURE_MEMBER_IMPORT_VISIBILITY = YES;
				SWIFT_VERSION = 5.0;
				TARGETED_DEVICE_FAMILY = "1,2";
				TEST_TARGET_NAME = AnimeVerse;
			};
			name = Debug;
		};
		B6B3B38F3057B88600B78383 /* Release */ = {
			isa = XCBuildConfiguration;
			buildSettings = {
				CODE_SIGN_STYLE = Automatic;
				CURRENT_PROJECT_VERSION = 1;
				DEVELOPMENT_TEAM = KW7V9XG9LQ;
				GENERATE_INFOPLIST_FILE = YES;
				MARKETING_VERSION = 1.0;
				PRODUCT_BUNDLE_IDENTIFIER = RevanArturito.AnimeVerseUITests;
				PRODUCT_NAME = "$(TARGET_NAME)";
				STRING_CATALOG_GENERATE_SYMBOLS = NO;
				SWIFT_APPROACHABLE_CONCURRENCY = YES;
				SWIFT_EMIT_LOC_STRINGS = NO;
				SWIFT_UPCOMING_FEATURE_MEMBER_IMPORT_VISIBILITY = YES;
				SWIFT_VERSION = 5.0;
				TARGETED_DEVICE_FAMILY = "1,2";
				TEST_TARGET_NAME = AnimeVerse;
			};
			name = Release;
		};
/* End XCBuildConfiguration section */

/* Begin XCConfigurationList section */
		B6B3B3613057B88500B78383 /* Build configuration list for PBXProject "AnimeVerse" */ = {
			isa = XCConfigurationList;
			buildConfigurations = (
				B6B3B3853057B88600B78383 /* Debug */,
				B6B3B3863057B88600B78383 /* Release */,
			);
			defaultConfigurationIsVisible = 0;
			defaultConfigurationName = Release;
		};
		B6B3B3873057B88600B78383 /* Build configuration list for PBXNativeTarget "AnimeVerse" */ = {
			isa = XCConfigurationList;
			buildConfigurations = (
				B6B3B3883057B88600B78383 /* Debug */,
				B6B3B3893057B88600B78383 /* Release */,
			);
			defaultConfigurationIsVisible = 0;
			defaultConfigurationName = Release;
		};
		B6B3B38A3057B88600B78383 /* Build configuration list for PBXNativeTarget "AnimeVerseTests" */ = {
			isa = XCConfigurationList;
			buildConfigurations = (
				B6B3B38B3057B88600B78383 /* Debug */,
				B6B3B38C3057B88600B78383 /* Release */,
			);
			defaultConfigurationIsVisible = 0;
			defaultConfigurationName = Release;
		};
		B6B3B38D3057B88600B78383 /* Build configuration list for PBXNativeTarget "AnimeVerseUITests" */ = {
			isa = XCConfigurationList;
			buildConfigurations = (
				B6B3B38E3057B88600B78383 /* Debug */,
				B6B3B38F3057B88600B78383 /* Release */,
			);
			defaultConfigurationIsVisible = 0;
			defaultConfigurationName = Release;
		};
/* End XCConfigurationList section */

/* Begin XCRemoteSwiftPackageReference section */
		B6B3B3913057BA7B00B78383 /* XCRemoteSwiftPackageReference "RxSwift" */ = {
			isa = XCRemoteSwiftPackageReference;
			repositoryURL = "https://github.com/ReactiveX/RxSwift";
			requirement = {
				kind = upToNextMajorVersion;
				minimumVersion = 6.10.2;
			};
		};
		B6B3B3983057BAEC00B78383 /* XCRemoteSwiftPackageReference "Swinject" */ = {
			isa = XCRemoteSwiftPackageReference;
			repositoryURL = "https://github.com/Swinject/Swinject.git";
			requirement = {
				kind = upToNextMajorVersion;
				minimumVersion = 2.10.0;
			};
		};
		B6B3B39B3057BB4A00B78383 /* XCRemoteSwiftPackageReference "Alamofire" */ = {
			isa = XCRemoteSwiftPackageReference;
			repositoryURL = "https://github.com/Alamofire/Alamofire.git";
			requirement = {
				kind = upToNextMajorVersion;
				minimumVersion = 5.12.2;
			};
		};
		B6B3B39E3057BBD500B78383 /* XCRemoteSwiftPackageReference "Kingfisher" */ = {
			isa = XCRemoteSwiftPackageReference;
			repositoryURL = "https://github.com/onevcat/Kingfisher.git";
			requirement = {
				kind = upToNextMajorVersion;
				minimumVersion = 8.12.0;
			};
		};
/* End XCRemoteSwiftPackageReference section */

/* Begin XCSwiftPackageProductDependency section */
		B6B3B3923057BA7B00B78383 /* RxCocoa */ = {
			isa = XCSwiftPackageProductDependency;
			package = B6B3B3913057BA7B00B78383 /* XCRemoteSwiftPackageReference "RxSwift" */;
			productName = RxCocoa;
		};
		B6B3B3943057BA7B00B78383 /* RxRelay */ = {
			isa = XCSwiftPackageProductDependency;
			package = B6B3B3913057BA7B00B78383 /* XCRemoteSwiftPackageReference "RxSwift" */;
			productName = RxRelay;
		};
		B6B3B3963057BA7B00B78383 /* RxSwift */ = {
			isa = XCSwiftPackageProductDependency;
			package = B6B3B3913057BA7B00B78383 /* XCRemoteSwiftPackageReference "RxSwift" */;
			productName = RxSwift;
		};
		B6B3B3993057BAEC00B78383 /* Swinject */ = {
			isa = XCSwiftPackageProductDependency;
			package = B6B3B3983057BAEC00B78383 /* XCRemoteSwiftPackageReference "Swinject" */;
			productName = Swinject;
		};
		B6B3B39C3057BB4A00B78383 /* Alamofire */ = {
			isa = XCSwiftPackageProductDependency;
			package = B6B3B39B3057BB4A00B78383 /* XCRemoteSwiftPackageReference "Alamofire" */;
			productName = Alamofire;
		};
		B6B3B39F3057BBD500B78383 /* Kingfisher */ = {
			isa = XCSwiftPackageProductDependency;
			package = B6B3B39E3057BBD500B78383 /* XCRemoteSwiftPackageReference "Kingfisher" */;
			productName = Kingfisher;
		};
/* End XCSwiftPackageProductDependency section */
	};
	rootObject = B6B3B35E3057B88500B78383 /* Project object */;
}
